
Microsoft Visual Studio Solution File, Format Version 12.00
# Visual Studio Version 17
VisualStudioVersion = 17.10.35122.118
MinimumVisualStudioVersion = 10.0.40219.1
Project("{FAE04EC0-301F-11D3-BF4B-00C04F79EFBC}") = "GerenciadorDeMaterialBelico", "GerenciadorDeMaterialBelico.csproj", "{BB5066B3-7BF1-4096-8027-B4BBEB5EFAD0}"
EndProject
Global
	GlobalSection(SolutionConfigurationPlatforms) = preSolution
		Debug|Any CPU = Debug|Any CPU
		Release|Any CPU = Release|Any CPU
	EndGlobalSection
	GlobalSection(ProjectConfigurationPlatforms) = postSolution
		{BB5066B3-7BF1-4096-8027-B4BBEB5EFAD0}.Debug|Any CPU.ActiveCfg = Debug|Any CPU
		{BB5066B3-7BF1-4096-8027-B4BBEB5EFAD0}.Debug|Any CPU.Build.0 = Debug|Any CPU
		{BB5066B3-7BF1-4096-8027-B4BBEB5EFAD0}.Release|Any CPU.ActiveCfg = Release|Any CPU
		{BB5066B3-7BF1-4096-8027-B4BBEB5EFAD0}.Release|Any CPU.Build.0 = Release|Any CPU
	EndGlobalSection
	GlobalSection(SolutionProperties) = preSolution
		HideSolutionNode = FALSE
	EndGlobalSection
	GlobalSection(ExtensibilityGlobals) = postSolution
		SolutionGuid = {B3B07476-4B7B-43CB-A859-BFA9E9AFA1C9}
	EndGlobalSection
EndGlobal
